
Microsoft Visual Studio Solution File, Format Version 12.00
# Visual Studio 14
VisualStudioVersion = 14.0.25420.1
MinimumVisualStudioVersion = 10.0.40219.1
Project("{FAE04EC0-301F-11D3-BF4B-00C04F79EFBC}") = "SystemDrawingViewSokoban", "SystemDrawingViewSokoban\SystemDrawingViewSokoban.csproj", "{E7E9688E-DDE5-4331-84C5-7DE8EDE3C3AA}"
EndProject
Project("{FAE04EC0-301F-11D3-BF4B-00C04F79EFBC}") = "Game", "..\StaticViewSokoban\Game\Game.csproj", "{F2D1BEE6-50A2-4CFB-833B-BC4732E0FC39}"
EndProject
Project("{FAE04EC0-301F-11D3-BF4B-00C04F79EFBC}") = "Filer", "..\StaticViewSokoban\Filer\Filer.csproj", "{187A5947-7BB3-4F03-B93B-B85E7B904E68}"
EndProject
Global
	GlobalSection(SolutionConfigurationPlatforms) = preSolution
		Debug|Any CPU = Debug|Any CPU
		Release|Any CPU = Release|Any CPU
	EndGlobalSection
	GlobalSection(ProjectConfigurationPlatforms) = postSolution
		{E7E9688E-DDE5-4331-84C5-7DE8EDE3C3AA}.Debug|Any CPU.ActiveCfg = Debug|Any CPU
		{E7E9688E-DDE5-4331-84C5-7DE8EDE3C3AA}.Debug|Any CPU.Build.0 = Debug|Any CPU
		{E7E9688E-DDE5-4331-84C5-7DE8EDE3C3AA}.Release|Any CPU.ActiveCfg = Release|Any CPU
		{E7E9688E-DDE5-4331-84C5-7DE8EDE3C3AA}.Release|Any CPU.Build.0 = Release|Any CPU
		{F2D1BEE6-50A2-4CFB-833B-BC4732E0FC39}.Debug|Any CPU.ActiveCfg = Debug|Any CPU
		{F2D1BEE6-50A2-4CFB-833B-BC4732E0FC39}.Debug|Any CPU.Build.0 = Debug|Any CPU
		{F2D1BEE6-50A2-4CFB-833B-BC4732E0FC39}.Release|Any CPU.ActiveCfg = Release|Any CPU
		{F2D1BEE6-50A2-4CFB-833B-BC4732E0FC39}.Release|Any CPU.Build.0 = Release|Any CPU
		{187A5947-7BB3-4F03-B93B-B85E7B904E68}.Debug|Any CPU.ActiveCfg = Debug|Any CPU
		{187A5947-7BB3-4F03-B93B-B85E7B904E68}.Debug|Any CPU.Build.0 = Debug|Any CPU
		{187A5947-7BB3-4F03-B93B-B85E7B904E68}.Release|Any CPU.ActiveCfg = Release|Any CPU
		{187A5947-7BB3-4F03-B93B-B85E7B904E68}.Release|Any CPU.Build.0 = Release|Any CPU
	EndGlobalSection
	GlobalSection(SolutionProperties) = preSolution
		HideSolutionNode = FALSE
	EndGlobalSection
EndGlobal
